
Microsoft Visual Studio Solution File, Format Version 12.00
# Visual Studio Version 17
VisualStudioVersion = 17.8.34112.27
MinimumVisualStudioVersion = 10.0.40219.1
Project("{FAE04EC0-301F-11D3-BF4B-00C04F79EFBC}") = "AndroidBindingNRE", "AndroidBindingNRE.csproj", "{D8472D5A-9523-4CA1-A28D-E5E9BF169E33}"
EndProject
Global
	GlobalSection(SolutionConfigurationPlatforms) = preSolution
		Debug|Any CPU = Debug|Any CPU
		Release|Any CPU = Release|Any CPU
	EndGlobalSection
	GlobalSection(ProjectConfigurationPlatforms) = postSolution
		{D8472D5A-9523-4CA1-A28D-E5E9BF169E33}.Debug|Any CPU.ActiveCfg = Debug|Any CPU
		{D8472D5A-9523-4CA1-A28D-E5E9BF169E33}.Debug|Any CPU.Build.0 = Debug|Any CPU
		{D8472D5A-9523-4CA1-A28D-E5E9BF169E33}.Release|Any CPU.ActiveCfg = Release|Any CPU
		{D8472D5A-9523-4CA1-A28D-E5E9BF169E33}.Release|Any CPU.Build.0 = Release|Any CPU
	EndGlobalSection
	GlobalSection(SolutionProperties) = preSolution
		HideSolutionNode = FALSE
	EndGlobalSection
	GlobalSection(ExtensibilityGlobals) = postSolution
		SolutionGuid = {61AD3973-A8B4-409C-9B8E-73E92A91BC52}
	EndGlobalSection
EndGlobal
